
Microsoft Visual Studio Solution File, Format Version 12.00
# Visual Studio Version 17
VisualStudioVersion = 17.8.34330.188
MinimumVisualStudioVersion = 10.0.40219.1
Project("{FAE04EC0-301F-11D3-BF4B-00C04F79EFBC}") = "TinhHoaHong", "TinhHoaHong\TinhHoaHong.csproj", "{379DE2D4-106A-4FC8-9C6C-F6F05AABFBE7}"
EndProject
Project("{54435603-DBB4-11D2-8724-00A0C9A8B90C}") = "SetupHoaHong", "C:\Users\HOANGHAMOBILE\Desktop\SetupHoaHong\SetupHoaHong.vdproj", "{9BE2BA8B-DC24-484A-8F6A-6979ECFE3390}"
EndProject
Global
	GlobalSection(SolutionConfigurationPlatforms) = preSolution
		Debug|Any CPU = Debug|Any CPU
		Release|Any CPU = Release|Any CPU
	EndGlobalSection
	GlobalSection(ProjectConfigurationPlatforms) = postSolution
		{379DE2D4-106A-4FC8-9C6C-F6F05AABFBE7}.Debug|Any CPU.ActiveCfg = Debug|Any CPU
		{379DE2D4-106A-4FC8-9C6C-F6F05AABFBE7}.Debug|Any CPU.Build.0 = Debug|Any CPU
		{379DE2D4-106A-4FC8-9C6C-F6F05AABFBE7}.Release|Any CPU.ActiveCfg = Release|Any CPU
		{379DE2D4-106A-4FC8-9C6C-F6F05AABFBE7}.Release|Any CPU.Build.0 = Release|Any CPU
		{9BE2BA8B-DC24-484A-8F6A-6979ECFE3390}.Debug|Any CPU.ActiveCfg = Debug
		{9BE2BA8B-DC24-484A-8F6A-6979ECFE3390}.Release|Any CPU.ActiveCfg = Release
	EndGlobalSection
	GlobalSection(SolutionProperties) = preSolution
		HideSolutionNode = FALSE
	EndGlobalSection
	GlobalSection(ExtensibilityGlobals) = postSolution
		SolutionGuid = {2FC0A848-C0BA-4FED-8C14-3F2FD7801BF3}
	EndGlobalSection
EndGlobal
